
Microsoft Visual Studio Solution File, Format Version 11.00
# Visual Studio 2010
Project("{FAE04EC0-301F-11D3-BF4B-00C04F79EFBC}") = "SteamVR", "SteamVR.csproj", "{da5cb390-9edf-235f-24e9-30e1b565c8c2}"
EndProject
Project("{FAE04EC0-301F-11D3-BF4B-00C04F79EFBC}") = "Assembly-CSharp", "Assembly-CSharp.csproj", "{8122af8d-4acf-1823-b3c4-c0fd6588f67c}"
EndProject
Project("{FAE04EC0-301F-11D3-BF4B-00C04F79EFBC}") = "SteamVR_Editor", "SteamVR_Editor.csproj", "{135340f5-4f39-e9b4-ad9a-553678c4bcfb}"
EndProject
Project("{FAE04EC0-301F-11D3-BF4B-00C04F79EFBC}") = "SteamVR_Input_Editor", "SteamVR_Input_Editor.csproj", "{87a76edd-4ce1-50d1-02f1-4abfd45d1fdf}"
EndProject
Project("{FAE04EC0-301F-11D3-BF4B-00C04F79EFBC}") = "SteamVR_Windows_EditorHelper", "SteamVR_Windows_EditorHelper.csproj", "{bf559965-b499-8cb4-3f84-0b57afb5bfef}"
EndProject
Global
	GlobalSection(SolutionConfigurationPlatforms) = preSolution
		Debug|Any CPU = Debug|Any CPU
		Release|Any CPU = Release|Any CPU
	EndGlobalSection
	GlobalSection(ProjectConfigurationPlatforms) = postSolution
		{da5cb390-9edf-235f-24e9-30e1b565c8c2}.Debug|Any CPU.ActiveCfg = Debug|Any CPU
		{da5cb390-9edf-235f-24e9-30e1b565c8c2}.Debug|Any CPU.Build.0 = Debug|Any CPU
		{da5cb390-9edf-235f-24e9-30e1b565c8c2}.Release|Any CPU.ActiveCfg = Release|Any CPU
		{da5cb390-9edf-235f-24e9-30e1b565c8c2}.Release|Any CPU.Build.0 = Release|Any CPU
		{8122af8d-4acf-1823-b3c4-c0fd6588f67c}.Debug|Any CPU.ActiveCfg = Debug|Any CPU
		{8122af8d-4acf-1823-b3c4-c0fd6588f67c}.Debug|Any CPU.Build.0 = Debug|Any CPU
		{8122af8d-4acf-1823-b3c4-c0fd6588f67c}.Release|Any CPU.ActiveCfg = Release|Any CPU
		{8122af8d-4acf-1823-b3c4-c0fd6588f67c}.Release|Any CPU.Build.0 = Release|Any CPU
		{135340f5-4f39-e9b4-ad9a-553678c4bcfb}.Debug|Any CPU.ActiveCfg = Debug|Any CPU
		{135340f5-4f39-e9b4-ad9a-553678c4bcfb}.Debug|Any CPU.Build.0 = Debug|Any CPU
		{135340f5-4f39-e9b4-ad9a-553678c4bcfb}.Release|Any CPU.ActiveCfg = Release|Any CPU
		{135340f5-4f39-e9b4-ad9a-553678c4bcfb}.Release|Any CPU.Build.0 = Release|Any CPU
		{87a76edd-4ce1-50d1-02f1-4abfd45d1fdf}.Debug|Any CPU.ActiveCfg = Debug|Any CPU
		{87a76edd-4ce1-50d1-02f1-4abfd45d1fdf}.Debug|Any CPU.Build.0 = Debug|Any CPU
		{87a76edd-4ce1-50d1-02f1-4abfd45d1fdf}.Release|Any CPU.ActiveCfg = Release|Any CPU
		{87a76edd-4ce1-50d1-02f1-4abfd45d1fdf}.Release|Any CPU.Build.0 = Release|Any CPU
		{bf559965-b499-8cb4-3f84-0b57afb5bfef}.Debug|Any CPU.ActiveCfg = Debug|Any CPU
		{bf559965-b499-8cb4-3f84-0b57afb5bfef}.Debug|Any CPU.Build.0 = Debug|Any CPU
		{bf559965-b499-8cb4-3f84-0b57afb5bfef}.Release|Any CPU.ActiveCfg = Release|Any CPU
		{bf559965-b499-8cb4-3f84-0b57afb5bfef}.Release|Any CPU.Build.0 = Release|Any CPU
	EndGlobalSection
	GlobalSection(SolutionProperties) = preSolution
		HideSolutionNode = FALSE
	EndGlobalSection
EndGlobal
